
Microsoft Visual Studio Solution File, Format Version 12.00
# Visual Studio Version 17
VisualStudioVersion = 17.4.33110.190
MinimumVisualStudioVersion = 10.0.40219.1
Project("{FAE04EC0-301F-11D3-BF4B-00C04F79EFBC}") = "Devs2Blu.ProjetosAula.Projeto-Site-CMS", "src\Devs2Blu.ProjetosAula.Projeto-Site-CMS\Devs2Blu.ProjetosAula.Projeto-Site-CMS.csproj", "{BB62287D-DDE0-48E4-B9EE-3A4C5A2C2A15}"
EndProject
Global
	GlobalSection(SolutionConfigurationPlatforms) = preSolution
		Debug|Any CPU = Debug|Any CPU
		Release|Any CPU = Release|Any CPU
	EndGlobalSection
	GlobalSection(ProjectConfigurationPlatforms) = postSolution
		{BB62287D-DDE0-48E4-B9EE-3A4C5A2C2A15}.Debug|Any CPU.ActiveCfg = Debug|Any CPU
		{BB62287D-DDE0-48E4-B9EE-3A4C5A2C2A15}.Debug|Any CPU.Build.0 = Debug|Any CPU
		{BB62287D-DDE0-48E4-B9EE-3A4C5A2C2A15}.Release|Any CPU.ActiveCfg = Release|Any CPU
		{BB62287D-DDE0-48E4-B9EE-3A4C5A2C2A15}.Release|Any CPU.Build.0 = Release|Any CPU
	EndGlobalSection
	GlobalSection(SolutionProperties) = preSolution
		HideSolutionNode = FALSE
	EndGlobalSection
	GlobalSection(ExtensibilityGlobals) = postSolution
		SolutionGuid = {A642FDC8-AA6A-4B53-A278-B5489767E691}
	EndGlobalSection
EndGlobal
